
Microsoft Visual Studio Solution File, Format Version 12.00
# Visual Studio Version 16
VisualStudioVersion = 16.0.31112.23
MinimumVisualStudioVersion = 10.0.40219.1
Project("{9A19103F-16F7-4668-BE54-9A1E7A4F7556}") = "RemindMe", "RemindMe\RemindMe.csproj", "{4103CDD5-16C8-4EC0-A628-9EE3E02F0535}"
EndProject
Global
	GlobalSection(SolutionConfigurationPlatforms) = preSolution
		Debug|Any CPU = Debug|Any CPU
		Release|Any CPU = Release|Any CPU
	EndGlobalSection
	GlobalSection(ProjectConfigurationPlatforms) = postSolution
		{4103CDD5-16C8-4EC0-A628-9EE3E02F0535}.Debug|Any CPU.ActiveCfg = Debug|Any CPU
		{4103CDD5-16C8-4EC0-A628-9EE3E02F0535}.Debug|Any CPU.Build.0 = Debug|Any CPU
		{4103CDD5-16C8-4EC0-A628-9EE3E02F0535}.Release|Any CPU.ActiveCfg = Release|Any CPU
		{4103CDD5-16C8-4EC0-A628-9EE3E02F0535}.Release|Any CPU.Build.0 = Release|Any CPU
	EndGlobalSection
	GlobalSection(SolutionProperties) = preSolution
		HideSolutionNode = FALSE
	EndGlobalSection
	GlobalSection(ExtensibilityGlobals) = postSolution
		SolutionGuid = {793E7669-25CE-48FC-9ACD-3F08EE3919CF}
	EndGlobalSection
EndGlobal
